<?xml version="1.0" encoding="utf-8"?>
<Project ToolsVersion="4.0" xmlns="http://schemas.microsoft.com/developer/msbuild/2003">
  <ItemGroup>
    <Filter Include="Source files">
      <UniqueIdentifier>{7254e8fd-671d-481f-b490-640b00a84f2c}</UniqueIdentifier>
      <Extensions>cpp;c;cc;cxx;def;odl;idl;hpj;bat;asm;asmx</Extensions>
    </Filter>
    <Filter Include="Header files">
      <UniqueIdentifier>{d659fd5f-2f4f-43f7-bb0c-6f644c8b2da5}</UniqueIdentifier>
      <Extensions>h;hpp;hxx;hm;inl;inc;xsd</Extensions>
    </Filter>
    <Filter Include="Resource files">
      <UniqueIdentifier>{d3542a19-05d2-4ca1-ab2c-63d251f42ab9}</UniqueIdentifier>
      <Extensions>rc;ico;cur;bmp;dlg;rc2;rct;bin;rgs;gif;jpg;jpeg;jpe;resx;tiff;tif;png;wav</Extensions>
    </Filter>
  </ItemGroup>
  <ItemGroup>
    <ClCompile Include="..\lib\marisa\agent.cc">
      <Filter>Source files</Filter>
    </ClCompile>
    <ClCompile Include="..\lib\marisa\grimoire\io\mapper.cc">
      <Filter>Source files</Filter>
    </ClCompile>
    <ClCompile Include="..\lib\marisa\grimoire\io\reader.cc">
      <Filter>Source files</Filter>
    </ClCompile>
    <ClCompile Include="..\lib\marisa\grimoire\io\writer.cc">
      <Filter>Source files</Filter>
    </ClCompile>
    <ClCompile Include="..\lib\marisa\grimoire\trie\louds-trie.cc">
      <Filter>Source files</Filter>
    </ClCompile>
    <ClCompile Include="..\lib\marisa\grimoire\trie\tail.cc">
      <Filter>Source files</Filter>
    </ClCompile>
    <ClCompile Include="..\lib\marisa\grimoire\vector\bit-vector.cc">
      <Filter>Source files</Filter>
    </ClCompile>
    <ClCompile Include="..\lib\marisa\keyset.cc">
      <Filter>Source files</Filter>
    </ClCompile>
    <ClCompile Include="..\lib\marisa\trie.cc">
      <Filter>Source files</Filter>
    </ClCompile>
  </ItemGroup>
  <ItemGroup>
    <ClInclude Include="..\lib\marisa\grimoire\algorithm.h">
      <Filter>Header files</Filter>
    </ClInclude>
    <ClInclude Include="..\lib\marisa\grimoire\algorithm\sort.h">
      <Filter>Header files</Filter>
    </ClInclude>
    <ClInclude Include="..\lib\marisa\grimoire\intrin.h">
      <Filter>Header files</Filter>
    </ClInclude>
    <ClInclude Include="..\lib\marisa\grimoire\io.h">
      <Filter>Header files</Filter>
    </ClInclude>
    <ClInclude Include="..\lib\marisa\grimoire\io\mapper.h">
      <Filter>Header files</Filter>
    </ClInclude>
    <ClInclude Include="..\lib\marisa\grimoire\io\reader.h">
      <Filter>Header files</Filter>
    </ClInclude>
    <ClInclude Include="..\lib\marisa\grimoire\io\writer.h">
      <Filter>Header files</Filter>
    </ClInclude>
    <ClInclude Include="..\lib\marisa\grimoire\trie.h">
      <Filter>Header files</Filter>
    </ClInclude>
    <ClInclude Include="..\lib\marisa\grimoire\trie\cache.h">
      <Filter>Header files</Filter>
    </ClInclude>
    <ClInclude Include="..\lib\marisa\grimoire\trie\config.h">
      <Filter>Header files</Filter>
    </ClInclude>
    <ClInclude Include="..\lib\marisa\grimoire\trie\entry.h">
      <Filter>Header files</Filter>
    </ClInclude>
    <ClInclude Include="..\lib\marisa\grimoire\trie\header.h">
      <Filter>Header files</Filter>
    </ClInclude>
    <ClInclude Include="..\lib\marisa\grimoire\trie\history.h">
      <Filter>Header files</Filter>
    </ClInclude>
    <ClInclude Include="..\lib\marisa\grimoire\trie\key.h">
      <Filter>Header files</Filter>
    </ClInclude>
    <ClInclude Include="..\lib\marisa\grimoire\trie\louds-trie.h">
      <Filter>Header files</Filter>
    </ClInclude>
    <ClInclude Include="..\lib\marisa\grimoire\trie\range.h">
      <Filter>Header files</Filter>
    </ClInclude>
    <ClInclude Include="..\lib\marisa\grimoire\trie\state.h">
      <Filter>Header files</Filter>
    </ClInclude>
    <ClInclude Include="..\lib\marisa\grimoire\trie\tail.h">
      <Filter>Header files</Filter>
    </ClInclude>
    <ClInclude Include="..\lib\marisa\grimoire\vector.h">
      <Filter>Header files</Filter>
    </ClInclude>
    <ClInclude Include="..\lib\marisa\grimoire\vector\bit-vector.h">
      <Filter>Header files</Filter>
    </ClInclude>
    <ClInclude Include="..\lib\marisa\grimoire\vector\flat-vector.h">
      <Filter>Header files</Filter>
    </ClInclude>
    <ClInclude Include="..\lib\marisa\grimoire\vector\pop-count.h">
      <Filter>Header files</Filter>
    </ClInclude>
    <ClInclude Include="..\lib\marisa\grimoire\vector\rank-index.h">
      <Filter>Header files</Filter>
    </ClInclude>
    <ClInclude Include="..\lib\marisa\grimoire\vector\vector.h">
      <Filter>Header files</Filter>
    </ClInclude>
  </ItemGroup>
  <ItemGroup>
    <None Include="marisaTrie-Debug.vgdbsettings" />
    <None Include="marisaTrie-Release.vgdbsettings" />
    <None Include="version.json" />
  </ItemGroup>
</Project>