
Microsoft Visual Studio Solution File, Format Version 12.00
# Visual Studio Version 17
VisualStudioVersion = 17.4.33213.308
MinimumVisualStudioVersion = 10.0.40219.1
Project("{8BC9CEB8-8B4A-11D0-8D11-00A0C91BC942}") = "lvgl_drivers", "Components\LVGL\lv_port_linux_frame_buffer\lv_drivers\lvgl_drivers\lvgl_drivers.vcxproj", "{F0E73D1B-2015-4F67-B3F4-BC90F5E79592}"
EndProject
Project("{8BC9CEB8-8B4A-11D0-8D11-00A0C91BC942}") = "lvgl", "Components\LVGL\lv_port_linux_frame_buffer\lvgl\lvgl\lvgl.vcxproj", "{E408EBBB-8991-43A7-8697-E4BD377BDCF2}"
EndProject
Project("{2150E333-8FDC-42A3-9474-1A3956D46DE8}") = "Components", "Components", "{13F29B1F-DD99-416B-8EE4-3BC2FE07CCFF}"
	ProjectSection(SolutionItems) = preProject
		Components\CMakeLists.txt = Components\CMakeLists.txt
	EndProjectSection
EndProject
Project("{8BC9CEB8-8B4A-11D0-8D11-00A0C91BC942}") = "Logger", "Logger\Logger.vcxproj", "{5486B3BD-F307-49A2-BD24-3DD845B83EFF}"
EndProject
Project("{8BC9CEB8-8B4A-11D0-8D11-00A0C91BC942}") = "DB", "DB\DB.vcxproj", "{C79BCE09-E45D-4E47-867D-BBF1825D506C}"
EndProject
Project("{8BC9CEB8-8B4A-11D0-8D11-00A0C91BC942}") = "Server", "Server\Server.vcxproj", "{3A81DBC7-F1C6-4673-93E0-2A0F84A90FAE}"
EndProject
Project("{8BC9CEB8-8B4A-11D0-8D11-00A0C91BC942}") = "pigpio", "Components\pigpio-master\pigpio\pigpio.vcxproj", "{979F690B-674F-4D69-99BE-A8B2AF3DF50E}"
EndProject
Project("{8BC9CEB8-8B4A-11D0-8D11-00A0C91BC942}") = "SensorEvent", "SensorEvent\SensorEvent.vcxproj", "{F53CF66A-B8C2-49EA-B3B2-A702E4A11384}"
EndProject
Project("{2150E333-8FDC-42A3-9474-1A3956D46DE8}") = "Sensor Event", "Sensor Event", "{17C48497-5D19-473A-BE33-6A7F771AEC0E}"
EndProject
Project("{8BC9CEB8-8B4A-11D0-8D11-00A0C91BC942}") = "SensorEventTests", "SensorEvent\SensorEventTests\SensorEventTests.vcxproj", "{987900E1-40FB-4A3C-8D94-F52882F56FD2}"
EndProject
Project("{8BC9CEB8-8B4A-11D0-8D11-00A0C91BC942}") = "cJSON", "Components\cJSON-master\cJSON\cJSON.vcxproj", "{B43C6936-5D16-4821-8FAB-8B3101BB12E2}"
EndProject
Project("{8BC9CEB8-8B4A-11D0-8D11-00A0C91BC942}") = "cpp-base64", "Components\cpp-base64-master\cpp-base64\cpp-base64.vcxproj", "{3B0F9500-0318-4ED8-8256-D6603CE7A3B3}"
EndProject
Project("{8BC9CEB8-8B4A-11D0-8D11-00A0C91BC942}") = "ZeroConf", "ZeroConf\ZeroConf.vcxproj", "{D6D294F0-B266-4B74-8E55-C7ABEF25896C}"
EndProject
Project("{8BC9CEB8-8B4A-11D0-8D11-00A0C91BC942}") = "RESTServer", "RESTServer\RESTServer.vcxproj", "{9A686D10-8A01-45FC-9FEE-D819530A4DE9}"
EndProject
Project("{8BC9CEB8-8B4A-11D0-8D11-00A0C91BC942}") = "UI", "UI\UI.vcxproj", "{EFB7F748-EEF2-449B-B678-6455E8C8D991}"
EndProject
Project("{2150E333-8FDC-42A3-9474-1A3956D46DE8}") = "Install Package", "Install Package", "{4DAC5469-2710-4AF2-9697-235F90B3BBE3}"
EndProject
Project("{8BC9CEB8-8B4A-11D0-8D11-00A0C91BC942}") = "libuuid", "Components\libuuid-master\libuuid\libuuid.vcxproj", "{3425C9B5-C028-43C6-882A-BB47AA97D14A}"
EndProject
Project("{8BC9CEB8-8B4A-11D0-8D11-00A0C91BC942}") = "InstallLib", "Installer\InstallLib\InstallLib.vcxproj", "{BCF8CA05-423D-4F70-A11A-311D09FDFE5C}"
EndProject
Project("{8BC9CEB8-8B4A-11D0-8D11-00A0C91BC942}") = "MD5", "Components\md5-master\MD5\MD5.vcxproj", "{9500AD59-5D75-4D02-82F6-8948B7788191}"
EndProject
Project("{8BC9CEB8-8B4A-11D0-8D11-00A0C91BC942}") = "CreatePkg", "Installer\CreatePkg\CreatePkg.vcxproj", "{76E7792E-92E3-4D53-9B67-6B57F90D560C}"
EndProject
Project("{8BC9CEB8-8B4A-11D0-8D11-00A0C91BC942}") = "AddFileToPkg", "Installer\AddFileToPkg\AddFileToPkg.vcxproj", "{C50F957D-66A9-4D4E-9212-06037CDF227C}"
EndProject
Project("{8BC9CEB8-8B4A-11D0-8D11-00A0C91BC942}") = "GenInstall", "Installer\GenInstall\GenInstall.vcxproj", "{B36B94D5-DF68-417A-8D41-6C3DDF81B9C0}"
EndProject
Project("{2150E333-8FDC-42A3-9474-1A3956D46DE8}") = "User Interface", "User Interface", "{2E3451D1-F988-428F-BF85-85D932BC141C}"
EndProject
Project("{8BC9CEB8-8B4A-11D0-8D11-00A0C91BC942}") = "libwpa", "Components\libwpa\libwpa.vcxproj", "{F4B46F02-E818-40BC-829C-1DBCA8DA16FF}"
EndProject
Project("{8BC9CEB8-8B4A-11D0-8D11-00A0C91BC942}") = "NetworkTools", "NetworkTools\NetworkTools.vcxproj", "{6AC720E3-988C-48C5-BDB6-093BF8CEAA7B}"
EndProject
Project("{2150E333-8FDC-42A3-9474-1A3956D46DE8}") = "Network", "Network", "{130D9BA9-E9D4-4A31-A542-A9944C59097D}"
EndProject
Project("{8BC9CEB8-8B4A-11D0-8D11-00A0C91BC942}") = "NetworkTests", "NetworkTools\NetworkTests\NetworkTests.vcxproj", "{247D34E3-00A1-43DC-9302-DFA4ED44BA50}"
EndProject
Project("{8BC9CEB8-8B4A-11D0-8D11-00A0C91BC942}") = "Device", "Device\Device.vcxproj", "{2AFF492E-7F85-44D9-A0CC-414C90D2CC69}"
EndProject
Project("{2150E333-8FDC-42A3-9474-1A3956D46DE8}") = "DeviceManager", "DeviceManager", "{82F2BB31-2D4B-41C1-8E56-9D750B13E300}"
	ProjectSection(SolutionItems) = preProject
		Device\CMakeLists.txt = Device\CMakeLists.txt
	EndProjectSection
EndProject
Project("{8BC9CEB8-8B4A-11D0-8D11-00A0C91BC942}") = "DeviceTests", "Device\DeviceTests\DeviceTests.vcxproj", "{C30AF8A4-71A5-4F34-AAF7-2AB8C88CCB07}"
EndProject
Project("{8BC9CEB8-8B4A-11D0-8D11-00A0C91BC942}") = "SwitchDevice", "Device\SwitchDevice\SwitchDevice.vcxproj", "{B8076E54-54F4-4BA3-B0F3-E810E8884012}"
EndProject
Project("{8BC9CEB8-8B4A-11D0-8D11-00A0C91BC942}") = "PCA9685Device", "Device\PCA9685Device\PCA9685Device.vcxproj", "{46E51758-271D-4E3E-B941-C52D6E8C8037}"
EndProject
Project("{8BC9CEB8-8B4A-11D0-8D11-00A0C91BC942}") = "PM25AQISensor", "Device\PM25AQISensor\PM25AQISensor.vcxproj", "{2B13300E-D1E3-4412-9725-92CAFE0C91CB}"
EndProject
Project("{8BC9CEB8-8B4A-11D0-8D11-00A0C91BC942}") = "MCP9808Sensor", "Device\MCP9808Sensor\MCP9808Sensor.vcxproj", "{F49A6E32-D71E-4F45-98A4-658C44A39BEB}"
EndProject
Project("{8BC9CEB8-8B4A-11D0-8D11-00A0C91BC942}") = "AHTX0Sensor", "Device\AHTX0Sensor\AHTX0Sensor.vcxproj", "{1CB8A2FF-1006-4625-93DF-1A1815198317}"
EndProject
Project("{8BC9CEB8-8B4A-11D0-8D11-00A0C91BC942}") = "sqlite3", "Components\sqlite3\sqlite3\sqlite3.vcxproj", "{C76F6C21-B13D-4E2D-8A9D-975FD84269F3}"
EndProject
Project("{8BC9CEB8-8B4A-11D0-8D11-00A0C91BC942}") = "UIWidget", "UI\UIWidget\UIWidget.vcxproj", "{4DA90025-D2CF-4F3E-8731-1EACBF8374C6}"
EndProject
Project("{8BC9CEB8-8B4A-11D0-8D11-00A0C91BC942}") = "StatusWidget", "UI\StatusWidget\StatusWidget.vcxproj", "{D4F10799-0FCF-41E5-9412-B414144A88E7}"
EndProject
Project("{8BC9CEB8-8B4A-11D0-8D11-00A0C91BC942}") = "NodeWidget", "UI\NodeWidget\NodeWidget.vcxproj", "{3D2B641D-932D-4D6C-B892-0F28B33B3703}"
EndProject
Project("{8BC9CEB8-8B4A-11D0-8D11-00A0C91BC942}") = "Client", "Client\Client.vcxproj", "{34C2FA0E-FF32-4016-8048-A1B0925D6596}"
EndProject
Project("{2150E333-8FDC-42A3-9474-1A3956D46DE8}") = "Webserver", "Webserver", "{38B73E6C-3319-4D46-92BD-DF438413BFF6}"
	ProjectSection(SolutionItems) = preProject
		Components\WebServer\CMakeLists.txt = Components\WebServer\CMakeLists.txt
	EndProjectSection
EndProject
Project("{8BC9CEB8-8B4A-11D0-8D11-00A0C91BC942}") = "libmicrohttpd", "Components\WebServer\libmicrohttpd-0.9.75\libmicrohttpd\libmicrohttpd.vcxproj", "{E450FD90-29D3-4BBA-8378-0AA2A3008635}"
EndProject
Project("{8BC9CEB8-8B4A-11D0-8D11-00A0C91BC942}") = "libhttpserver", "Components\WebServer\libhttpserver-master\libhttpserver\libhttpserver.vcxproj", "{F713BC2F-3A0A-45CC-AEFF-19C157E7A374}"
EndProject
Project("{8BC9CEB8-8B4A-11D0-8D11-00A0C91BC942}") = "RaspUtils", "RaspUtils\RaspUtils.vcxproj", "{20DED119-980D-4E0E-8E87-339BEBAC35E2}"
EndProject
Project("{8BC9CEB8-8B4A-11D0-8D11-00A0C91BC942}") = "DeviceRegistration", "DeviceRegistration\DeviceRegistration.vcxproj", "{38CE80F5-298B-4EE9-91BB-7FD5081F44FF}"
EndProject
Project("{2150E333-8FDC-42A3-9474-1A3956D46DE8}") = "Host Registration", "Host Registration", "{DB32B677-68BA-449B-8A8A-6A91A91CB9ED}"
EndProject
Project("{8BC9CEB8-8B4A-11D0-8D11-00A0C91BC942}") = "DeviceRegistrationTests", "DeviceRegistration\DeviceRegistrationTests\DeviceRegistrationTests.vcxproj", "{8B8E57E5-4CC0-4D96-8323-753949AABD24}"
EndProject
Project("{2150E333-8FDC-42A3-9474-1A3956D46DE8}") = "Web", "Web", "{3892F036-A6C7-4267-829C-171F3ECC46EA}"
EndProject
Project("{8BC9CEB8-8B4A-11D0-8D11-00A0C91BC942}") = "NodeAuth", "NodeAuth\NodeAuth.vcxproj", "{84EDD844-855D-4AF2-A301-03AC9028CD97}"
EndProject
Project("{8BC9CEB8-8B4A-11D0-8D11-00A0C91BC942}") = "oatpp", "Components\oatpp-master\oatpp\oatpp.vcxproj", "{5D3C6F40-8C2F-450F-839F-99206E669162}"
EndProject
Project("{2150E333-8FDC-42A3-9474-1A3956D46DE8}") = "Event Endpoint", "Event Endpoint", "{0B9F638B-61F0-44DD-9040-E05AA689DD59}"
	ProjectSection(SolutionItems) = preProject
		EventEndpoint\CMakeLists.txt = EventEndpoint\CMakeLists.txt
	EndProjectSection
EndProject
Project("{8BC9CEB8-8B4A-11D0-8D11-00A0C91BC942}") = "EventEndpoint", "EventEndpoint\EventEndpoint.vcxproj", "{9D0CB1E3-6CA1-4202-92C5-73A55DD70651}"
EndProject
Project("{2150E333-8FDC-42A3-9474-1A3956D46DE8}") = "Endpoints", "Endpoints", "{C1903777-DB36-4555-B545-5221D6651B86}"
EndProject
Project("{2150E333-8FDC-42A3-9474-1A3956D46DE8}") = "Log Endpoint", "Log Endpoint", "{19CEC43B-DCE4-4D82-B1D3-73C91455E1B7}"
EndProject
Project("{8BC9CEB8-8B4A-11D0-8D11-00A0C91BC942}") = "LogEndpoint", "LogEndpoint\LogEndpoint.vcxproj", "{0B364821-3FB8-4F19-9D0B-68D7F384C65A}"
EndProject
Project("{8BC9CEB8-8B4A-11D0-8D11-00A0C91BC942}") = "sigar", "Components\sigar-master\sigar\sigar.vcxproj", "{21C413E6-0D8E-4B89-9512-0B684C91170F}"
EndProject
Project("{8BC9CEB8-8B4A-11D0-8D11-00A0C91BC942}") = "Telemetry", "Telemetry\Telemetry.vcxproj", "{5FA409DE-9298-4D96-96BD-22D6EAD9A61E}"
EndProject
Project("{8BC9CEB8-8B4A-11D0-8D11-00A0C91BC942}") = "TelemetryAgent", "Device\TelemetryAgent\TelemetryAgent.vcxproj", "{3CCCB14F-7832-4C2C-B906-550CA0CC0FEE}"
EndProject
Project("{8BC9CEB8-8B4A-11D0-8D11-00A0C91BC942}") = "EndpointClient", "EventEndpoint\EndpointClient\EndpointClient.vcxproj", "{AA54AB8F-C3AC-46D2-81E7-7F9DD1EDC668}"
EndProject
Project("{2150E333-8FDC-42A3-9474-1A3956D46DE8}") = "nettle", "nettle", "{6A66F220-5A11-4298-A001-541A83D5AC1C}"
	ProjectSection(SolutionItems) = preProject
		Components\WebServer\nettle-3.8\CMakeLists.txt = Components\WebServer\nettle-3.8\CMakeLists.txt
		Components\WebServer\nettle-3.8\Makefile = Components\WebServer\nettle-3.8\Makefile
	EndProjectSection
EndProject
Project("{2150E333-8FDC-42A3-9474-1A3956D46DE8}") = "OpenSSL", "OpenSSL", "{D7994DC7-DD37-404F-9005-959C26A3433C}"
	ProjectSection(SolutionItems) = preProject
		Components\WebServer\openssl-3.1.0\CMakeLists.txt = Components\WebServer\openssl-3.1.0\CMakeLists.txt
		Components\WebServer\openssl-3.1.0\Makefile = Components\WebServer\openssl-3.1.0\Makefile
	EndProjectSection
EndProject
Project("{2150E333-8FDC-42A3-9474-1A3956D46DE8}") = "libarchive", "libarchive", "{2CBAFA6F-50F9-4691-835C-57F32DF679AE}"
	ProjectSection(SolutionItems) = preProject
		Components\libarchive-3.6.2\CMakeLists.txt = Components\libarchive-3.6.2\CMakeLists.txt
		Components\libarchive-3.6.2\buildtools\cmake\CreatePkgConfigFile.cmake = Components\libarchive-3.6.2\buildtools\cmake\CreatePkgConfigFile.cmake
	EndProjectSection
EndProject
Project("{2150E333-8FDC-42A3-9474-1A3956D46DE8}") = "libarchive", "libarchive", "{49820EB2-A9A6-4E20-B180-BDAAD51CB9AB}"
	ProjectSection(SolutionItems) = preProject
		Components\libarchive-3.6.2\libarchive\CMakeLists.txt = Components\libarchive-3.6.2\libarchive\CMakeLists.txt
	EndProjectSection
EndProject
Project("{2150E333-8FDC-42A3-9474-1A3956D46DE8}") = "libbz2", "libbz2", "{C8826DF9-20DD-49DF-AA65-16729F7B94F8}"
	ProjectSection(SolutionItems) = preProject
		Components\bzip2-1.0.8\CMakeLists.txt = Components\bzip2-1.0.8\CMakeLists.txt
	EndProjectSection
EndProject
Project("{8BC9CEB8-8B4A-11D0-8D11-00A0C91BC942}") = "WiringX", "Components\wiringX-master\WiringX\WiringX.vcxproj", "{EA10ABF4-F776-4AA3-AE14-B47505F860E3}"
EndProject
Project("{2150E333-8FDC-42A3-9474-1A3956D46DE8}") = "Solution Items", "Solution Items", "{8C210E09-C4E1-435D-8127-0B54088627B2}"
	ProjectSection(SolutionItems) = preProject
		CMakeLists.txt = CMakeLists.txt
	EndProjectSection
EndProject
Global
	GlobalSection(SolutionConfigurationPlatforms) = preSolution
		Debug|VisualGDB = Debug|VisualGDB
		MinSizeRel|VisualGDB = MinSizeRel|VisualGDB
		Release|VisualGDB = Release|VisualGDB
		RelWithDebInfo|VisualGDB = RelWithDebInfo|VisualGDB
	EndGlobalSection
	GlobalSection(ProjectConfigurationPlatforms) = postSolution
		{F0E73D1B-2015-4F67-B3F4-BC90F5E79592}.Debug|VisualGDB.ActiveCfg = Debug|VisualGDB
		{F0E73D1B-2015-4F67-B3F4-BC90F5E79592}.Debug|VisualGDB.Build.0 = Debug|VisualGDB
		{F0E73D1B-2015-4F67-B3F4-BC90F5E79592}.MinSizeRel|VisualGDB.ActiveCfg = Release|VisualGDB
		{F0E73D1B-2015-4F67-B3F4-BC90F5E79592}.MinSizeRel|VisualGDB.Build.0 = Release|VisualGDB
		{F0E73D1B-2015-4F67-B3F4-BC90F5E79592}.Release|VisualGDB.ActiveCfg = Release|VisualGDB
		{F0E73D1B-2015-4F67-B3F4-BC90F5E79592}.Release|VisualGDB.Build.0 = Release|VisualGDB
		{F0E73D1B-2015-4F67-B3F4-BC90F5E79592}.RelWithDebInfo|VisualGDB.ActiveCfg = Release|VisualGDB
		{F0E73D1B-2015-4F67-B3F4-BC90F5E79592}.RelWithDebInfo|VisualGDB.Build.0 = Release|VisualGDB
		{E408EBBB-8991-43A7-8697-E4BD377BDCF2}.Debug|VisualGDB.ActiveCfg = Debug|VisualGDB
		{E408EBBB-8991-43A7-8697-E4BD377BDCF2}.Debug|VisualGDB.Build.0 = Debug|VisualGDB
		{E408EBBB-8991-43A7-8697-E4BD377BDCF2}.MinSizeRel|VisualGDB.ActiveCfg = Release|VisualGDB
		{E408EBBB-8991-43A7-8697-E4BD377BDCF2}.MinSizeRel|VisualGDB.Build.0 = Release|VisualGDB
		{E408EBBB-8991-43A7-8697-E4BD377BDCF2}.Release|VisualGDB.ActiveCfg = Release|VisualGDB
		{E408EBBB-8991-43A7-8697-E4BD377BDCF2}.Release|VisualGDB.Build.0 = Release|VisualGDB
		{E408EBBB-8991-43A7-8697-E4BD377BDCF2}.RelWithDebInfo|VisualGDB.ActiveCfg = Release|VisualGDB
		{E408EBBB-8991-43A7-8697-E4BD377BDCF2}.RelWithDebInfo|VisualGDB.Build.0 = Release|VisualGDB
		{5486B3BD-F307-49A2-BD24-3DD845B83EFF}.Debug|VisualGDB.ActiveCfg = Debug|VisualGDB
		{5486B3BD-F307-49A2-BD24-3DD845B83EFF}.Debug|VisualGDB.Build.0 = Debug|VisualGDB
		{5486B3BD-F307-49A2-BD24-3DD845B83EFF}.MinSizeRel|VisualGDB.ActiveCfg = Release|VisualGDB
		{5486B3BD-F307-49A2-BD24-3DD845B83EFF}.MinSizeRel|VisualGDB.Build.0 = Release|VisualGDB
		{5486B3BD-F307-49A2-BD24-3DD845B83EFF}.Release|VisualGDB.ActiveCfg = Release|VisualGDB
		{5486B3BD-F307-49A2-BD24-3DD845B83EFF}.Release|VisualGDB.Build.0 = Release|VisualGDB
		{5486B3BD-F307-49A2-BD24-3DD845B83EFF}.RelWithDebInfo|VisualGDB.ActiveCfg = Release|VisualGDB
		{5486B3BD-F307-49A2-BD24-3DD845B83EFF}.RelWithDebInfo|VisualGDB.Build.0 = Release|VisualGDB
		{C79BCE09-E45D-4E47-867D-BBF1825D506C}.Debug|VisualGDB.ActiveCfg = Debug|VisualGDB
		{C79BCE09-E45D-4E47-867D-BBF1825D506C}.Debug|VisualGDB.Build.0 = Debug|VisualGDB
		{C79BCE09-E45D-4E47-867D-BBF1825D506C}.MinSizeRel|VisualGDB.ActiveCfg = Release|VisualGDB
		{C79BCE09-E45D-4E47-867D-BBF1825D506C}.MinSizeRel|VisualGDB.Build.0 = Release|VisualGDB
		{C79BCE09-E45D-4E47-867D-BBF1825D506C}.Release|VisualGDB.ActiveCfg = Release|VisualGDB
		{C79BCE09-E45D-4E47-867D-BBF1825D506C}.Release|VisualGDB.Build.0 = Release|VisualGDB
		{C79BCE09-E45D-4E47-867D-BBF1825D506C}.RelWithDebInfo|VisualGDB.ActiveCfg = Release|VisualGDB
		{C79BCE09-E45D-4E47-867D-BBF1825D506C}.RelWithDebInfo|VisualGDB.Build.0 = Release|VisualGDB
		{3A81DBC7-F1C6-4673-93E0-2A0F84A90FAE}.Debug|VisualGDB.ActiveCfg = Debug|VisualGDB
		{3A81DBC7-F1C6-4673-93E0-2A0F84A90FAE}.Debug|VisualGDB.Build.0 = Debug|VisualGDB
		{3A81DBC7-F1C6-4673-93E0-2A0F84A90FAE}.MinSizeRel|VisualGDB.ActiveCfg = Release|VisualGDB
		{3A81DBC7-F1C6-4673-93E0-2A0F84A90FAE}.MinSizeRel|VisualGDB.Build.0 = Release|VisualGDB
		{3A81DBC7-F1C6-4673-93E0-2A0F84A90FAE}.Release|VisualGDB.ActiveCfg = Release|VisualGDB
		{3A81DBC7-F1C6-4673-93E0-2A0F84A90FAE}.Release|VisualGDB.Build.0 = Release|VisualGDB
		{3A81DBC7-F1C6-4673-93E0-2A0F84A90FAE}.RelWithDebInfo|VisualGDB.ActiveCfg = Release|VisualGDB
		{3A81DBC7-F1C6-4673-93E0-2A0F84A90FAE}.RelWithDebInfo|VisualGDB.Build.0 = Release|VisualGDB
		{979F690B-674F-4D69-99BE-A8B2AF3DF50E}.Debug|VisualGDB.ActiveCfg = Debug|VisualGDB
		{979F690B-674F-4D69-99BE-A8B2AF3DF50E}.Debug|VisualGDB.Build.0 = Debug|VisualGDB
		{979F690B-674F-4D69-99BE-A8B2AF3DF50E}.MinSizeRel|VisualGDB.ActiveCfg = Release|VisualGDB
		{979F690B-674F-4D69-99BE-A8B2AF3DF50E}.MinSizeRel|VisualGDB.Build.0 = Release|VisualGDB
		{979F690B-674F-4D69-99BE-A8B2AF3DF50E}.Release|VisualGDB.ActiveCfg = Release|VisualGDB
		{979F690B-674F-4D69-99BE-A8B2AF3DF50E}.Release|VisualGDB.Build.0 = Release|VisualGDB
		{979F690B-674F-4D69-99BE-A8B2AF3DF50E}.RelWithDebInfo|VisualGDB.ActiveCfg = Release|VisualGDB
		{979F690B-674F-4D69-99BE-A8B2AF3DF50E}.RelWithDebInfo|VisualGDB.Build.0 = Release|VisualGDB
		{F53CF66A-B8C2-49EA-B3B2-A702E4A11384}.Debug|VisualGDB.ActiveCfg = Debug|VisualGDB
		{F53CF66A-B8C2-49EA-B3B2-A702E4A11384}.Debug|VisualGDB.Build.0 = Debug|VisualGDB
		{F53CF66A-B8C2-49EA-B3B2-A702E4A11384}.MinSizeRel|VisualGDB.ActiveCfg = Release|VisualGDB
		{F53CF66A-B8C2-49EA-B3B2-A702E4A11384}.MinSizeRel|VisualGDB.Build.0 = Release|VisualGDB
		{F53CF66A-B8C2-49EA-B3B2-A702E4A11384}.Release|VisualGDB.ActiveCfg = Release|VisualGDB
		{F53CF66A-B8C2-49EA-B3B2-A702E4A11384}.Release|VisualGDB.Build.0 = Release|VisualGDB
		{F53CF66A-B8C2-49EA-B3B2-A702E4A11384}.RelWithDebInfo|VisualGDB.ActiveCfg = Release|VisualGDB
		{F53CF66A-B8C2-49EA-B3B2-A702E4A11384}.RelWithDebInfo|VisualGDB.Build.0 = Release|VisualGDB
		{987900E1-40FB-4A3C-8D94-F52882F56FD2}.Debug|VisualGDB.ActiveCfg = Debug|VisualGDB
		{987900E1-40FB-4A3C-8D94-F52882F56FD2}.Debug|VisualGDB.Build.0 = Debug|VisualGDB
		{987900E1-40FB-4A3C-8D94-F52882F56FD2}.MinSizeRel|VisualGDB.ActiveCfg = Release|VisualGDB
		{987900E1-40FB-4A3C-8D94-F52882F56FD2}.MinSizeRel|VisualGDB.Build.0 = Release|VisualGDB
		{987900E1-40FB-4A3C-8D94-F52882F56FD2}.Release|VisualGDB.ActiveCfg = Release|VisualGDB
		{987900E1-40FB-4A3C-8D94-F52882F56FD2}.Release|VisualGDB.Build.0 = Release|VisualGDB
		{987900E1-40FB-4A3C-8D94-F52882F56FD2}.RelWithDebInfo|VisualGDB.ActiveCfg = Release|VisualGDB
		{987900E1-40FB-4A3C-8D94-F52882F56FD2}.RelWithDebInfo|VisualGDB.Build.0 = Release|VisualGDB
		{B43C6936-5D16-4821-8FAB-8B3101BB12E2}.Debug|VisualGDB.ActiveCfg = Debug|VisualGDB
		{B43C6936-5D16-4821-8FAB-8B3101BB12E2}.Debug|VisualGDB.Build.0 = Debug|VisualGDB
		{B43C6936-5D16-4821-8FAB-8B3101BB12E2}.MinSizeRel|VisualGDB.ActiveCfg = Release|VisualGDB
		{B43C6936-5D16-4821-8FAB-8B3101BB12E2}.MinSizeRel|VisualGDB.Build.0 = Release|VisualGDB
		{B43C6936-5D16-4821-8FAB-8B3101BB12E2}.Release|VisualGDB.ActiveCfg = Release|VisualGDB
		{B43C6936-5D16-4821-8FAB-8B3101BB12E2}.Release|VisualGDB.Build.0 = Release|VisualGDB
		{B43C6936-5D16-4821-8FAB-8B3101BB12E2}.RelWithDebInfo|VisualGDB.ActiveCfg = Release|VisualGDB
		{B43C6936-5D16-4821-8FAB-8B3101BB12E2}.RelWithDebInfo|VisualGDB.Build.0 = Release|VisualGDB
		{3B0F9500-0318-4ED8-8256-D6603CE7A3B3}.Debug|VisualGDB.ActiveCfg = Debug|VisualGDB
		{3B0F9500-0318-4ED8-8256-D6603CE7A3B3}.Debug|VisualGDB.Build.0 = Debug|VisualGDB
		{3B0F9500-0318-4ED8-8256-D6603CE7A3B3}.MinSizeRel|VisualGDB.ActiveCfg = Release|VisualGDB
		{3B0F9500-0318-4ED8-8256-D6603CE7A3B3}.MinSizeRel|VisualGDB.Build.0 = Release|VisualGDB
		{3B0F9500-0318-4ED8-8256-D6603CE7A3B3}.Release|VisualGDB.ActiveCfg = Release|VisualGDB
		{3B0F9500-0318-4ED8-8256-D6603CE7A3B3}.Release|VisualGDB.Build.0 = Release|VisualGDB
		{3B0F9500-0318-4ED8-8256-D6603CE7A3B3}.RelWithDebInfo|VisualGDB.ActiveCfg = Release|VisualGDB
		{3B0F9500-0318-4ED8-8256-D6603CE7A3B3}.RelWithDebInfo|VisualGDB.Build.0 = Release|VisualGDB
		{D6D294F0-B266-4B74-8E55-C7ABEF25896C}.Debug|VisualGDB.ActiveCfg = Debug|VisualGDB
		{D6D294F0-B266-4B74-8E55-C7ABEF25896C}.Debug|VisualGDB.Build.0 = Debug|VisualGDB
		{D6D294F0-B266-4B74-8E55-C7ABEF25896C}.MinSizeRel|VisualGDB.ActiveCfg = Release|VisualGDB
		{D6D294F0-B266-4B74-8E55-C7ABEF25896C}.MinSizeRel|VisualGDB.Build.0 = Release|VisualGDB
		{D6D294F0-B266-4B74-8E55-C7ABEF25896C}.Release|VisualGDB.ActiveCfg = Release|VisualGDB
		{D6D294F0-B266-4B74-8E55-C7ABEF25896C}.Release|VisualGDB.Build.0 = Release|VisualGDB
		{D6D294F0-B266-4B74-8E55-C7ABEF25896C}.RelWithDebInfo|VisualGDB.ActiveCfg = Release|VisualGDB
		{D6D294F0-B266-4B74-8E55-C7ABEF25896C}.RelWithDebInfo|VisualGDB.Build.0 = Release|VisualGDB
		{9A686D10-8A01-45FC-9FEE-D819530A4DE9}.Debug|VisualGDB.ActiveCfg = Debug|VisualGDB
		{9A686D10-8A01-45FC-9FEE-D819530A4DE9}.Debug|VisualGDB.Build.0 = Debug|VisualGDB
		{9A686D10-8A01-45FC-9FEE-D819530A4DE9}.MinSizeRel|VisualGDB.ActiveCfg = Release|VisualGDB
		{9A686D10-8A01-45FC-9FEE-D819530A4DE9}.MinSizeRel|VisualGDB.Build.0 = Release|VisualGDB
		{9A686D10-8A01-45FC-9FEE-D819530A4DE9}.Release|VisualGDB.ActiveCfg = Release|VisualGDB
		{9A686D10-8A01-45FC-9FEE-D819530A4DE9}.Release|VisualGDB.Build.0 = Release|VisualGDB
		{9A686D10-8A01-45FC-9FEE-D819530A4DE9}.RelWithDebInfo|VisualGDB.ActiveCfg = Release|VisualGDB
		{9A686D10-8A01-45FC-9FEE-D819530A4DE9}.RelWithDebInfo|VisualGDB.Build.0 = Release|VisualGDB
		{EFB7F748-EEF2-449B-B678-6455E8C8D991}.Debug|VisualGDB.ActiveCfg = Debug|VisualGDB
		{EFB7F748-EEF2-449B-B678-6455E8C8D991}.Debug|VisualGDB.Build.0 = Debug|VisualGDB
		{EFB7F748-EEF2-449B-B678-6455E8C8D991}.MinSizeRel|VisualGDB.ActiveCfg = Release|VisualGDB
		{EFB7F748-EEF2-449B-B678-6455E8C8D991}.MinSizeRel|VisualGDB.Build.0 = Release|VisualGDB
		{EFB7F748-EEF2-449B-B678-6455E8C8D991}.Release|VisualGDB.ActiveCfg = Release|VisualGDB
		{EFB7F748-EEF2-449B-B678-6455E8C8D991}.Release|VisualGDB.Build.0 = Release|VisualGDB
		{EFB7F748-EEF2-449B-B678-6455E8C8D991}.RelWithDebInfo|VisualGDB.ActiveCfg = Release|VisualGDB
		{EFB7F748-EEF2-449B-B678-6455E8C8D991}.RelWithDebInfo|VisualGDB.Build.0 = Release|VisualGDB
		{3425C9B5-C028-43C6-882A-BB47AA97D14A}.Debug|VisualGDB.ActiveCfg = Debug|VisualGDB
		{3425C9B5-C028-43C6-882A-BB47AA97D14A}.Debug|VisualGDB.Build.0 = Debug|VisualGDB
		{3425C9B5-C028-43C6-882A-BB47AA97D14A}.MinSizeRel|VisualGDB.ActiveCfg = Release|VisualGDB
		{3425C9B5-C028-43C6-882A-BB47AA97D14A}.MinSizeRel|VisualGDB.Build.0 = Release|VisualGDB
		{3425C9B5-C028-43C6-882A-BB47AA97D14A}.Release|VisualGDB.ActiveCfg = Release|VisualGDB
		{3425C9B5-C028-43C6-882A-BB47AA97D14A}.Release|VisualGDB.Build.0 = Release|VisualGDB
		{3425C9B5-C028-43C6-882A-BB47AA97D14A}.RelWithDebInfo|VisualGDB.ActiveCfg = Release|VisualGDB
		{3425C9B5-C028-43C6-882A-BB47AA97D14A}.RelWithDebInfo|VisualGDB.Build.0 = Release|VisualGDB
		{BCF8CA05-423D-4F70-A11A-311D09FDFE5C}.Debug|VisualGDB.ActiveCfg = Debug|VisualGDB
		{BCF8CA05-423D-4F70-A11A-311D09FDFE5C}.Debug|VisualGDB.Build.0 = Debug|VisualGDB
		{BCF8CA05-423D-4F70-A11A-311D09FDFE5C}.MinSizeRel|VisualGDB.ActiveCfg = Release|VisualGDB
		{BCF8CA05-423D-4F70-A11A-311D09FDFE5C}.MinSizeRel|VisualGDB.Build.0 = Release|VisualGDB
		{BCF8CA05-423D-4F70-A11A-311D09FDFE5C}.Release|VisualGDB.ActiveCfg = Release|VisualGDB
		{BCF8CA05-423D-4F70-A11A-311D09FDFE5C}.Release|VisualGDB.Build.0 = Release|VisualGDB
		{BCF8CA05-423D-4F70-A11A-311D09FDFE5C}.RelWithDebInfo|VisualGDB.ActiveCfg = Release|VisualGDB
		{BCF8CA05-423D-4F70-A11A-311D09FDFE5C}.RelWithDebInfo|VisualGDB.Build.0 = Release|VisualGDB
		{9500AD59-5D75-4D02-82F6-8948B7788191}.Debug|VisualGDB.ActiveCfg = Debug|VisualGDB
		{9500AD59-5D75-4D02-82F6-8948B7788191}.Debug|VisualGDB.Build.0 = Debug|VisualGDB
		{9500AD59-5D75-4D02-82F6-8948B7788191}.MinSizeRel|VisualGDB.ActiveCfg = Release|VisualGDB
		{9500AD59-5D75-4D02-82F6-8948B7788191}.MinSizeRel|VisualGDB.Build.0 = Release|VisualGDB
		{9500AD59-5D75-4D02-82F6-8948B7788191}.Release|VisualGDB.ActiveCfg = Release|VisualGDB
		{9500AD59-5D75-4D02-82F6-8948B7788191}.Release|VisualGDB.Build.0 = Release|VisualGDB
		{9500AD59-5D75-4D02-82F6-8948B7788191}.RelWithDebInfo|VisualGDB.ActiveCfg = Release|VisualGDB
		{9500AD59-5D75-4D02-82F6-8948B7788191}.RelWithDebInfo|VisualGDB.Build.0 = Release|VisualGDB
		{76E7792E-92E3-4D53-9B67-6B57F90D560C}.Debug|VisualGDB.ActiveCfg = Debug|VisualGDB
		{76E7792E-92E3-4D53-9B67-6B57F90D560C}.Debug|VisualGDB.Build.0 = Debug|VisualGDB
		{76E7792E-92E3-4D53-9B67-6B57F90D560C}.MinSizeRel|VisualGDB.ActiveCfg = Release|VisualGDB
		{76E7792E-92E3-4D53-9B67-6B57F90D560C}.MinSizeRel|VisualGDB.Build.0 = Release|VisualGDB
		{76E7792E-92E3-4D53-9B67-6B57F90D560C}.Release|VisualGDB.ActiveCfg = Release|VisualGDB
		{76E7792E-92E3-4D53-9B67-6B57F90D560C}.Release|VisualGDB.Build.0 = Release|VisualGDB
		{76E7792E-92E3-4D53-9B67-6B57F90D560C}.RelWithDebInfo|VisualGDB.ActiveCfg = Release|VisualGDB
		{76E7792E-92E3-4D53-9B67-6B57F90D560C}.RelWithDebInfo|VisualGDB.Build.0 = Release|VisualGDB
		{C50F957D-66A9-4D4E-9212-06037CDF227C}.Debug|VisualGDB.ActiveCfg = Debug|VisualGDB
		{C50F957D-66A9-4D4E-9212-06037CDF227C}.Debug|VisualGDB.Build.0 = Debug|VisualGDB
		{C50F957D-66A9-4D4E-9212-06037CDF227C}.MinSizeRel|VisualGDB.ActiveCfg = Release|VisualGDB
		{C50F957D-66A9-4D4E-9212-06037CDF227C}.MinSizeRel|VisualGDB.Build.0 = Release|VisualGDB
		{C50F957D-66A9-4D4E-9212-06037CDF227C}.Release|VisualGDB.ActiveCfg = Release|VisualGDB
		{C50F957D-66A9-4D4E-9212-06037CDF227C}.Release|VisualGDB.Build.0 = Release|VisualGDB
		{C50F957D-66A9-4D4E-9212-06037CDF227C}.RelWithDebInfo|VisualGDB.ActiveCfg = Release|VisualGDB
		{C50F957D-66A9-4D4E-9212-06037CDF227C}.RelWithDebInfo|VisualGDB.Build.0 = Release|VisualGDB
		{B36B94D5-DF68-417A-8D41-6C3DDF81B9C0}.Debug|VisualGDB.ActiveCfg = Debug|VisualGDB
		{B36B94D5-DF68-417A-8D41-6C3DDF81B9C0}.Debug|VisualGDB.Build.0 = Debug|VisualGDB
		{B36B94D5-DF68-417A-8D41-6C3DDF81B9C0}.MinSizeRel|VisualGDB.ActiveCfg = Release|VisualGDB
		{B36B94D5-DF68-417A-8D41-6C3DDF81B9C0}.MinSizeRel|VisualGDB.Build.0 = Release|VisualGDB
		{B36B94D5-DF68-417A-8D41-6C3DDF81B9C0}.Release|VisualGDB.ActiveCfg = Release|VisualGDB
		{B36B94D5-DF68-417A-8D41-6C3DDF81B9C0}.Release|VisualGDB.Build.0 = Release|VisualGDB
		{B36B94D5-DF68-417A-8D41-6C3DDF81B9C0}.RelWithDebInfo|VisualGDB.ActiveCfg = Release|VisualGDB
		{B36B94D5-DF68-417A-8D41-6C3DDF81B9C0}.RelWithDebInfo|VisualGDB.Build.0 = Release|VisualGDB
		{F4B46F02-E818-40BC-829C-1DBCA8DA16FF}.Debug|VisualGDB.ActiveCfg = Debug|VisualGDB
		{F4B46F02-E818-40BC-829C-1DBCA8DA16FF}.Debug|VisualGDB.Build.0 = Debug|VisualGDB
		{F4B46F02-E818-40BC-829C-1DBCA8DA16FF}.MinSizeRel|VisualGDB.ActiveCfg = Release|VisualGDB
		{F4B46F02-E818-40BC-829C-1DBCA8DA16FF}.MinSizeRel|VisualGDB.Build.0 = Release|VisualGDB
		{F4B46F02-E818-40BC-829C-1DBCA8DA16FF}.Release|VisualGDB.ActiveCfg = Release|VisualGDB
		{F4B46F02-E818-40BC-829C-1DBCA8DA16FF}.Release|VisualGDB.Build.0 = Release|VisualGDB
		{F4B46F02-E818-40BC-829C-1DBCA8DA16FF}.RelWithDebInfo|VisualGDB.ActiveCfg = Release|VisualGDB
		{F4B46F02-E818-40BC-829C-1DBCA8DA16FF}.RelWithDebInfo|VisualGDB.Build.0 = Release|VisualGDB
		{6AC720E3-988C-48C5-BDB6-093BF8CEAA7B}.Debug|VisualGDB.ActiveCfg = Debug|VisualGDB
		{6AC720E3-988C-48C5-BDB6-093BF8CEAA7B}.Debug|VisualGDB.Build.0 = Debug|VisualGDB
		{6AC720E3-988C-48C5-BDB6-093BF8CEAA7B}.MinSizeRel|VisualGDB.ActiveCfg = Release|VisualGDB
		{6AC720E3-988C-48C5-BDB6-093BF8CEAA7B}.MinSizeRel|VisualGDB.Build.0 = Release|VisualGDB
		{6AC720E3-988C-48C5-BDB6-093BF8CEAA7B}.Release|VisualGDB.ActiveCfg = Release|VisualGDB
		{6AC720E3-988C-48C5-BDB6-093BF8CEAA7B}.Release|VisualGDB.Build.0 = Release|VisualGDB
		{6AC720E3-988C-48C5-BDB6-093BF8CEAA7B}.RelWithDebInfo|VisualGDB.ActiveCfg = Release|VisualGDB
		{6AC720E3-988C-48C5-BDB6-093BF8CEAA7B}.RelWithDebInfo|VisualGDB.Build.0 = Release|VisualGDB
		{247D34E3-00A1-43DC-9302-DFA4ED44BA50}.Debug|VisualGDB.ActiveCfg = Debug|VisualGDB
		{247D34E3-00A1-43DC-9302-DFA4ED44BA50}.Debug|VisualGDB.Build.0 = Debug|VisualGDB
		{247D34E3-00A1-43DC-9302-DFA4ED44BA50}.MinSizeRel|VisualGDB.ActiveCfg = Release|VisualGDB
		{247D34E3-00A1-43DC-9302-DFA4ED44BA50}.MinSizeRel|VisualGDB.Build.0 = Release|VisualGDB
		{247D34E3-00A1-43DC-9302-DFA4ED44BA50}.Release|VisualGDB.ActiveCfg = Release|VisualGDB
		{247D34E3-00A1-43DC-9302-DFA4ED44BA50}.Release|VisualGDB.Build.0 = Release|VisualGDB
		{247D34E3-00A1-43DC-9302-DFA4ED44BA50}.RelWithDebInfo|VisualGDB.ActiveCfg = Release|VisualGDB
		{247D34E3-00A1-43DC-9302-DFA4ED44BA50}.RelWithDebInfo|VisualGDB.Build.0 = Release|VisualGDB
		{2AFF492E-7F85-44D9-A0CC-414C90D2CC69}.Debug|VisualGDB.ActiveCfg = Debug|VisualGDB
		{2AFF492E-7F85-44D9-A0CC-414C90D2CC69}.Debug|VisualGDB.Build.0 = Debug|VisualGDB
		{2AFF492E-7F85-44D9-A0CC-414C90D2CC69}.MinSizeRel|VisualGDB.ActiveCfg = Release|VisualGDB
		{2AFF492E-7F85-44D9-A0CC-414C90D2CC69}.MinSizeRel|VisualGDB.Build.0 = Release|VisualGDB
		{2AFF492E-7F85-44D9-A0CC-414C90D2CC69}.Release|VisualGDB.ActiveCfg = Release|VisualGDB
		{2AFF492E-7F85-44D9-A0CC-414C90D2CC69}.Release|VisualGDB.Build.0 = Release|VisualGDB
		{2AFF492E-7F85-44D9-A0CC-414C90D2CC69}.RelWithDebInfo|VisualGDB.ActiveCfg = Release|VisualGDB
		{2AFF492E-7F85-44D9-A0CC-414C90D2CC69}.RelWithDebInfo|VisualGDB.Build.0 = Release|VisualGDB
		{C30AF8A4-71A5-4F34-AAF7-2AB8C88CCB07}.Debug|VisualGDB.ActiveCfg = Debug|VisualGDB
		{C30AF8A4-71A5-4F34-AAF7-2AB8C88CCB07}.Debug|VisualGDB.Build.0 = Debug|VisualGDB
		{C30AF8A4-71A5-4F34-AAF7-2AB8C88CCB07}.MinSizeRel|VisualGDB.ActiveCfg = Release|VisualGDB
		{C30AF8A4-71A5-4F34-AAF7-2AB8C88CCB07}.MinSizeRel|VisualGDB.Build.0 = Release|VisualGDB
		{C30AF8A4-71A5-4F34-AAF7-2AB8C88CCB07}.Release|VisualGDB.ActiveCfg = Release|VisualGDB
		{C30AF8A4-71A5-4F34-AAF7-2AB8C88CCB07}.Release|VisualGDB.Build.0 = Release|VisualGDB
		{C30AF8A4-71A5-4F34-AAF7-2AB8C88CCB07}.RelWithDebInfo|VisualGDB.ActiveCfg = Release|VisualGDB
		{C30AF8A4-71A5-4F34-AAF7-2AB8C88CCB07}.RelWithDebInfo|VisualGDB.Build.0 = Release|VisualGDB
		{B8076E54-54F4-4BA3-B0F3-E810E8884012}.Debug|VisualGDB.ActiveCfg = Debug|VisualGDB
		{B8076E54-54F4-4BA3-B0F3-E810E8884012}.Debug|VisualGDB.Build.0 = Debug|VisualGDB
		{B8076E54-54F4-4BA3-B0F3-E810E8884012}.MinSizeRel|VisualGDB.ActiveCfg = Release|VisualGDB
		{B8076E54-54F4-4BA3-B0F3-E810E8884012}.MinSizeRel|VisualGDB.Build.0 = Release|VisualGDB
		{B8076E54-54F4-4BA3-B0F3-E810E8884012}.Release|VisualGDB.ActiveCfg = Release|VisualGDB
		{B8076E54-54F4-4BA3-B0F3-E810E8884012}.Release|VisualGDB.Build.0 = Release|VisualGDB
		{B8076E54-54F4-4BA3-B0F3-E810E8884012}.RelWithDebInfo|VisualGDB.ActiveCfg = Release|VisualGDB
		{B8076E54-54F4-4BA3-B0F3-E810E8884012}.RelWithDebInfo|VisualGDB.Build.0 = Release|VisualGDB
		{46E51758-271D-4E3E-B941-C52D6E8C8037}.Debug|VisualGDB.ActiveCfg = Debug|VisualGDB
		{46E51758-271D-4E3E-B941-C52D6E8C8037}.Debug|VisualGDB.Build.0 = Debug|VisualGDB
		{46E51758-271D-4E3E-B941-C52D6E8C8037}.MinSizeRel|VisualGDB.ActiveCfg = Release|VisualGDB
		{46E51758-271D-4E3E-B941-C52D6E8C8037}.MinSizeRel|VisualGDB.Build.0 = Release|VisualGDB
		{46E51758-271D-4E3E-B941-C52D6E8C8037}.Release|VisualGDB.ActiveCfg = Release|VisualGDB
		{46E51758-271D-4E3E-B941-C52D6E8C8037}.Release|VisualGDB.Build.0 = Release|VisualGDB
		{46E51758-271D-4E3E-B941-C52D6E8C8037}.RelWithDebInfo|VisualGDB.ActiveCfg = Release|VisualGDB
		{46E51758-271D-4E3E-B941-C52D6E8C8037}.RelWithDebInfo|VisualGDB.Build.0 = Release|VisualGDB
		{2B13300E-D1E3-4412-9725-92CAFE0C91CB}.Debug|VisualGDB.ActiveCfg = Debug|VisualGDB
		{2B13300E-D1E3-4412-9725-92CAFE0C91CB}.Debug|VisualGDB.Build.0 = Debug|VisualGDB
		{2B13300E-D1E3-4412-9725-92CAFE0C91CB}.MinSizeRel|VisualGDB.ActiveCfg = Release|VisualGDB
		{2B13300E-D1E3-4412-9725-92CAFE0C91CB}.MinSizeRel|VisualGDB.Build.0 = Release|VisualGDB
		{2B13300E-D1E3-4412-9725-92CAFE0C91CB}.Release|VisualGDB.ActiveCfg = Release|VisualGDB
		{2B13300E-D1E3-4412-9725-92CAFE0C91CB}.Release|VisualGDB.Build.0 = Release|VisualGDB
		{2B13300E-D1E3-4412-9725-92CAFE0C91CB}.RelWithDebInfo|VisualGDB.ActiveCfg = Release|VisualGDB
		{2B13300E-D1E3-4412-9725-92CAFE0C91CB}.RelWithDebInfo|VisualGDB.Build.0 = Release|VisualGDB
		{F49A6E32-D71E-4F45-98A4-658C44A39BEB}.Debug|VisualGDB.ActiveCfg = Debug|VisualGDB
		{F49A6E32-D71E-4F45-98A4-658C44A39BEB}.Debug|VisualGDB.Build.0 = Debug|VisualGDB
		{F49A6E32-D71E-4F45-98A4-658C44A39BEB}.MinSizeRel|VisualGDB.ActiveCfg = Release|VisualGDB
		{F49A6E32-D71E-4F45-98A4-658C44A39BEB}.MinSizeRel|VisualGDB.Build.0 = Release|VisualGDB
		{F49A6E32-D71E-4F45-98A4-658C44A39BEB}.Release|VisualGDB.ActiveCfg = Release|VisualGDB
		{F49A6E32-D71E-4F45-98A4-658C44A39BEB}.Release|VisualGDB.Build.0 = Release|VisualGDB
		{F49A6E32-D71E-4F45-98A4-658C44A39BEB}.RelWithDebInfo|VisualGDB.ActiveCfg = Release|VisualGDB
		{F49A6E32-D71E-4F45-98A4-658C44A39BEB}.RelWithDebInfo|VisualGDB.Build.0 = Release|VisualGDB
		{1CB8A2FF-1006-4625-93DF-1A1815198317}.Debug|VisualGDB.ActiveCfg = Debug|VisualGDB
		{1CB8A2FF-1006-4625-93DF-1A1815198317}.Debug|VisualGDB.Build.0 = Debug|VisualGDB
		{1CB8A2FF-1006-4625-93DF-1A1815198317}.MinSizeRel|VisualGDB.ActiveCfg = Release|VisualGDB
		{1CB8A2FF-1006-4625-93DF-1A1815198317}.MinSizeRel|VisualGDB.Build.0 = Release|VisualGDB
		{1CB8A2FF-1006-4625-93DF-1A1815198317}.Release|VisualGDB.ActiveCfg = Release|VisualGDB
		{1CB8A2FF-1006-4625-93DF-1A1815198317}.Release|VisualGDB.Build.0 = Release|VisualGDB
		{1CB8A2FF-1006-4625-93DF-1A1815198317}.RelWithDebInfo|VisualGDB.ActiveCfg = Release|VisualGDB
		{1CB8A2FF-1006-4625-93DF-1A1815198317}.RelWithDebInfo|VisualGDB.Build.0 = Release|VisualGDB
		{C76F6C21-B13D-4E2D-8A9D-975FD84269F3}.Debug|VisualGDB.ActiveCfg = Debug|VisualGDB
		{C76F6C21-B13D-4E2D-8A9D-975FD84269F3}.Debug|VisualGDB.Build.0 = Debug|VisualGDB
		{C76F6C21-B13D-4E2D-8A9D-975FD84269F3}.MinSizeRel|VisualGDB.ActiveCfg = Release|VisualGDB
		{C76F6C21-B13D-4E2D-8A9D-975FD84269F3}.MinSizeRel|VisualGDB.Build.0 = Release|VisualGDB
		{C76F6C21-B13D-4E2D-8A9D-975FD84269F3}.Release|VisualGDB.ActiveCfg = Release|VisualGDB
		{C76F6C21-B13D-4E2D-8A9D-975FD84269F3}.Release|VisualGDB.Build.0 = Release|VisualGDB
		{C76F6C21-B13D-4E2D-8A9D-975FD84269F3}.RelWithDebInfo|VisualGDB.ActiveCfg = Release|VisualGDB
		{C76F6C21-B13D-4E2D-8A9D-975FD84269F3}.RelWithDebInfo|VisualGDB.Build.0 = Release|VisualGDB
		{4DA90025-D2CF-4F3E-8731-1EACBF8374C6}.Debug|VisualGDB.ActiveCfg = Debug|VisualGDB
		{4DA90025-D2CF-4F3E-8731-1EACBF8374C6}.Debug|VisualGDB.Build.0 = Debug|VisualGDB
		{4DA90025-D2CF-4F3E-8731-1EACBF8374C6}.MinSizeRel|VisualGDB.ActiveCfg = Release|VisualGDB
		{4DA90025-D2CF-4F3E-8731-1EACBF8374C6}.MinSizeRel|VisualGDB.Build.0 = Release|VisualGDB
		{4DA90025-D2CF-4F3E-8731-1EACBF8374C6}.Release|VisualGDB.ActiveCfg = Release|VisualGDB
		{4DA90025-D2CF-4F3E-8731-1EACBF8374C6}.Release|VisualGDB.Build.0 = Release|VisualGDB
		{4DA90025-D2CF-4F3E-8731-1EACBF8374C6}.RelWithDebInfo|VisualGDB.ActiveCfg = Release|VisualGDB
		{4DA90025-D2CF-4F3E-8731-1EACBF8374C6}.RelWithDebInfo|VisualGDB.Build.0 = Release|VisualGDB
		{D4F10799-0FCF-41E5-9412-B414144A88E7}.Debug|VisualGDB.ActiveCfg = Debug|VisualGDB
		{D4F10799-0FCF-41E5-9412-B414144A88E7}.Debug|VisualGDB.Build.0 = Debug|VisualGDB
		{D4F10799-0FCF-41E5-9412-B414144A88E7}.MinSizeRel|VisualGDB.ActiveCfg = Release|VisualGDB
		{D4F10799-0FCF-41E5-9412-B414144A88E7}.MinSizeRel|VisualGDB.Build.0 = Release|VisualGDB
		{D4F10799-0FCF-41E5-9412-B414144A88E7}.Release|VisualGDB.ActiveCfg = Release|VisualGDB
		{D4F10799-0FCF-41E5-9412-B414144A88E7}.Release|VisualGDB.Build.0 = Release|VisualGDB
		{D4F10799-0FCF-41E5-9412-B414144A88E7}.RelWithDebInfo|VisualGDB.ActiveCfg = Release|VisualGDB
		{D4F10799-0FCF-41E5-9412-B414144A88E7}.RelWithDebInfo|VisualGDB.Build.0 = Release|VisualGDB
		{3D2B641D-932D-4D6C-B892-0F28B33B3703}.Debug|VisualGDB.ActiveCfg = Debug|VisualGDB
		{3D2B641D-932D-4D6C-B892-0F28B33B3703}.Debug|VisualGDB.Build.0 = Debug|VisualGDB
		{3D2B641D-932D-4D6C-B892-0F28B33B3703}.MinSizeRel|VisualGDB.ActiveCfg = Release|VisualGDB
		{3D2B641D-932D-4D6C-B892-0F28B33B3703}.MinSizeRel|VisualGDB.Build.0 = Release|VisualGDB
		{3D2B641D-932D-4D6C-B892-0F28B33B3703}.Release|VisualGDB.ActiveCfg = Release|VisualGDB
		{3D2B641D-932D-4D6C-B892-0F28B33B3703}.Release|VisualGDB.Build.0 = Release|VisualGDB
		{3D2B641D-932D-4D6C-B892-0F28B33B3703}.RelWithDebInfo|VisualGDB.ActiveCfg = Release|VisualGDB
		{3D2B641D-932D-4D6C-B892-0F28B33B3703}.RelWithDebInfo|VisualGDB.Build.0 = Release|VisualGDB
		{34C2FA0E-FF32-4016-8048-A1B0925D6596}.Debug|VisualGDB.ActiveCfg = Debug|VisualGDB
		{34C2FA0E-FF32-4016-8048-A1B0925D6596}.Debug|VisualGDB.Build.0 = Debug|VisualGDB
		{34C2FA0E-FF32-4016-8048-A1B0925D6596}.MinSizeRel|VisualGDB.ActiveCfg = Release|VisualGDB
		{34C2FA0E-FF32-4016-8048-A1B0925D6596}.MinSizeRel|VisualGDB.Build.0 = Release|VisualGDB
		{34C2FA0E-FF32-4016-8048-A1B0925D6596}.Release|VisualGDB.ActiveCfg = Release|VisualGDB
		{34C2FA0E-FF32-4016-8048-A1B0925D6596}.Release|VisualGDB.Build.0 = Release|VisualGDB
		{34C2FA0E-FF32-4016-8048-A1B0925D6596}.RelWithDebInfo|VisualGDB.ActiveCfg = Release|VisualGDB
		{34C2FA0E-FF32-4016-8048-A1B0925D6596}.RelWithDebInfo|VisualGDB.Build.0 = Release|VisualGDB
		{E450FD90-29D3-4BBA-8378-0AA2A3008635}.Debug|VisualGDB.ActiveCfg = Debug|VisualGDB
		{E450FD90-29D3-4BBA-8378-0AA2A3008635}.Debug|VisualGDB.Build.0 = Debug|VisualGDB
		{E450FD90-29D3-4BBA-8378-0AA2A3008635}.MinSizeRel|VisualGDB.ActiveCfg = Release|VisualGDB
		{E450FD90-29D3-4BBA-8378-0AA2A3008635}.MinSizeRel|VisualGDB.Build.0 = Release|VisualGDB
		{E450FD90-29D3-4BBA-8378-0AA2A3008635}.Release|VisualGDB.ActiveCfg = Release|VisualGDB
		{E450FD90-29D3-4BBA-8378-0AA2A3008635}.Release|VisualGDB.Build.0 = Release|VisualGDB
		{E450FD90-29D3-4BBA-8378-0AA2A3008635}.RelWithDebInfo|VisualGDB.ActiveCfg = Release|VisualGDB
		{E450FD90-29D3-4BBA-8378-0AA2A3008635}.RelWithDebInfo|VisualGDB.Build.0 = Release|VisualGDB
		{F713BC2F-3A0A-45CC-AEFF-19C157E7A374}.Debug|VisualGDB.ActiveCfg = Debug|VisualGDB
		{F713BC2F-3A0A-45CC-AEFF-19C157E7A374}.Debug|VisualGDB.Build.0 = Debug|VisualGDB
		{F713BC2F-3A0A-45CC-AEFF-19C157E7A374}.MinSizeRel|VisualGDB.ActiveCfg = Release|VisualGDB
		{F713BC2F-3A0A-45CC-AEFF-19C157E7A374}.MinSizeRel|VisualGDB.Build.0 = Release|VisualGDB
		{F713BC2F-3A0A-45CC-AEFF-19C157E7A374}.Release|VisualGDB.ActiveCfg = Release|VisualGDB
		{F713BC2F-3A0A-45CC-AEFF-19C157E7A374}.Release|VisualGDB.Build.0 = Release|VisualGDB
		{F713BC2F-3A0A-45CC-AEFF-19C157E7A374}.RelWithDebInfo|VisualGDB.ActiveCfg = Release|VisualGDB
		{F713BC2F-3A0A-45CC-AEFF-19C157E7A374}.RelWithDebInfo|VisualGDB.Build.0 = Release|VisualGDB
		{20DED119-980D-4E0E-8E87-339BEBAC35E2}.Debug|VisualGDB.ActiveCfg = Debug|VisualGDB
		{20DED119-980D-4E0E-8E87-339BEBAC35E2}.Debug|VisualGDB.Build.0 = Debug|VisualGDB
		{20DED119-980D-4E0E-8E87-339BEBAC35E2}.MinSizeRel|VisualGDB.ActiveCfg = Release|VisualGDB
		{20DED119-980D-4E0E-8E87-339BEBAC35E2}.MinSizeRel|VisualGDB.Build.0 = Release|VisualGDB
		{20DED119-980D-4E0E-8E87-339BEBAC35E2}.Release|VisualGDB.ActiveCfg = Release|VisualGDB
		{20DED119-980D-4E0E-8E87-339BEBAC35E2}.Release|VisualGDB.Build.0 = Release|VisualGDB
		{20DED119-980D-4E0E-8E87-339BEBAC35E2}.RelWithDebInfo|VisualGDB.ActiveCfg = Release|VisualGDB
		{20DED119-980D-4E0E-8E87-339BEBAC35E2}.RelWithDebInfo|VisualGDB.Build.0 = Release|VisualGDB
		{38CE80F5-298B-4EE9-91BB-7FD5081F44FF}.Debug|VisualGDB.ActiveCfg = Debug|VisualGDB
		{38CE80F5-298B-4EE9-91BB-7FD5081F44FF}.Debug|VisualGDB.Build.0 = Debug|VisualGDB
		{38CE80F5-298B-4EE9-91BB-7FD5081F44FF}.MinSizeRel|VisualGDB.ActiveCfg = Release|VisualGDB
		{38CE80F5-298B-4EE9-91BB-7FD5081F44FF}.MinSizeRel|VisualGDB.Build.0 = Release|VisualGDB
		{38CE80F5-298B-4EE9-91BB-7FD5081F44FF}.Release|VisualGDB.ActiveCfg = Release|VisualGDB
		{38CE80F5-298B-4EE9-91BB-7FD5081F44FF}.Release|VisualGDB.Build.0 = Release|VisualGDB
		{38CE80F5-298B-4EE9-91BB-7FD5081F44FF}.RelWithDebInfo|VisualGDB.ActiveCfg = Release|VisualGDB
		{38CE80F5-298B-4EE9-91BB-7FD5081F44FF}.RelWithDebInfo|VisualGDB.Build.0 = Release|VisualGDB
		{8B8E57E5-4CC0-4D96-8323-753949AABD24}.Debug|VisualGDB.ActiveCfg = Debug|VisualGDB
		{8B8E57E5-4CC0-4D96-8323-753949AABD24}.Debug|VisualGDB.Build.0 = Debug|VisualGDB
		{8B8E57E5-4CC0-4D96-8323-753949AABD24}.MinSizeRel|VisualGDB.ActiveCfg = Release|VisualGDB
		{8B8E57E5-4CC0-4D96-8323-753949AABD24}.MinSizeRel|VisualGDB.Build.0 = Release|VisualGDB
		{8B8E57E5-4CC0-4D96-8323-753949AABD24}.Release|VisualGDB.ActiveCfg = Release|VisualGDB
		{8B8E57E5-4CC0-4D96-8323-753949AABD24}.Release|VisualGDB.Build.0 = Release|VisualGDB
		{8B8E57E5-4CC0-4D96-8323-753949AABD24}.RelWithDebInfo|VisualGDB.ActiveCfg = Release|VisualGDB
		{8B8E57E5-4CC0-4D96-8323-753949AABD24}.RelWithDebInfo|VisualGDB.Build.0 = Release|VisualGDB
		{84EDD844-855D-4AF2-A301-03AC9028CD97}.Debug|VisualGDB.ActiveCfg = Debug|VisualGDB
		{84EDD844-855D-4AF2-A301-03AC9028CD97}.Debug|VisualGDB.Build.0 = Debug|VisualGDB
		{84EDD844-855D-4AF2-A301-03AC9028CD97}.MinSizeRel|VisualGDB.ActiveCfg = Release|VisualGDB
		{84EDD844-855D-4AF2-A301-03AC9028CD97}.MinSizeRel|VisualGDB.Build.0 = Release|VisualGDB
		{84EDD844-855D-4AF2-A301-03AC9028CD97}.Release|VisualGDB.ActiveCfg = Release|VisualGDB
		{84EDD844-855D-4AF2-A301-03AC9028CD97}.Release|VisualGDB.Build.0 = Release|VisualGDB
		{84EDD844-855D-4AF2-A301-03AC9028CD97}.RelWithDebInfo|VisualGDB.ActiveCfg = Release|VisualGDB
		{84EDD844-855D-4AF2-A301-03AC9028CD97}.RelWithDebInfo|VisualGDB.Build.0 = Release|VisualGDB
		{5D3C6F40-8C2F-450F-839F-99206E669162}.Debug|VisualGDB.ActiveCfg = Debug|VisualGDB
		{5D3C6F40-8C2F-450F-839F-99206E669162}.Debug|VisualGDB.Build.0 = Debug|VisualGDB
		{5D3C6F40-8C2F-450F-839F-99206E669162}.MinSizeRel|VisualGDB.ActiveCfg = Release|VisualGDB
		{5D3C6F40-8C2F-450F-839F-99206E669162}.MinSizeRel|VisualGDB.Build.0 = Release|VisualGDB
		{5D3C6F40-8C2F-450F-839F-99206E669162}.Release|VisualGDB.ActiveCfg = Release|VisualGDB
		{5D3C6F40-8C2F-450F-839F-99206E669162}.Release|VisualGDB.Build.0 = Release|VisualGDB
		{5D3C6F40-8C2F-450F-839F-99206E669162}.RelWithDebInfo|VisualGDB.ActiveCfg = Release|VisualGDB
		{5D3C6F40-8C2F-450F-839F-99206E669162}.RelWithDebInfo|VisualGDB.Build.0 = Release|VisualGDB
		{9D0CB1E3-6CA1-4202-92C5-73A55DD70651}.Debug|VisualGDB.ActiveCfg = Debug|VisualGDB
		{9D0CB1E3-6CA1-4202-92C5-73A55DD70651}.Debug|VisualGDB.Build.0 = Debug|VisualGDB
		{9D0CB1E3-6CA1-4202-92C5-73A55DD70651}.MinSizeRel|VisualGDB.ActiveCfg = Release|VisualGDB
		{9D0CB1E3-6CA1-4202-92C5-73A55DD70651}.MinSizeRel|VisualGDB.Build.0 = Release|VisualGDB
		{9D0CB1E3-6CA1-4202-92C5-73A55DD70651}.Release|VisualGDB.ActiveCfg = Release|VisualGDB
		{9D0CB1E3-6CA1-4202-92C5-73A55DD70651}.Release|VisualGDB.Build.0 = Release|VisualGDB
		{9D0CB1E3-6CA1-4202-92C5-73A55DD70651}.RelWithDebInfo|VisualGDB.ActiveCfg = Release|VisualGDB
		{9D0CB1E3-6CA1-4202-92C5-73A55DD70651}.RelWithDebInfo|VisualGDB.Build.0 = Release|VisualGDB
		{0B364821-3FB8-4F19-9D0B-68D7F384C65A}.Debug|VisualGDB.ActiveCfg = Debug|VisualGDB
		{0B364821-3FB8-4F19-9D0B-68D7F384C65A}.Debug|VisualGDB.Build.0 = Debug|VisualGDB
		{0B364821-3FB8-4F19-9D0B-68D7F384C65A}.MinSizeRel|VisualGDB.ActiveCfg = Release|VisualGDB
		{0B364821-3FB8-4F19-9D0B-68D7F384C65A}.MinSizeRel|VisualGDB.Build.0 = Release|VisualGDB
		{0B364821-3FB8-4F19-9D0B-68D7F384C65A}.Release|VisualGDB.ActiveCfg = Release|VisualGDB
		{0B364821-3FB8-4F19-9D0B-68D7F384C65A}.Release|VisualGDB.Build.0 = Release|VisualGDB
		{0B364821-3FB8-4F19-9D0B-68D7F384C65A}.RelWithDebInfo|VisualGDB.ActiveCfg = Release|VisualGDB
		{0B364821-3FB8-4F19-9D0B-68D7F384C65A}.RelWithDebInfo|VisualGDB.Build.0 = Release|VisualGDB
		{21C413E6-0D8E-4B89-9512-0B684C91170F}.Debug|VisualGDB.ActiveCfg = Debug|VisualGDB
		{21C413E6-0D8E-4B89-9512-0B684C91170F}.Debug|VisualGDB.Build.0 = Debug|VisualGDB
		{21C413E6-0D8E-4B89-9512-0B684C91170F}.MinSizeRel|VisualGDB.ActiveCfg = Release|VisualGDB
		{21C413E6-0D8E-4B89-9512-0B684C91170F}.MinSizeRel|VisualGDB.Build.0 = Release|VisualGDB
		{21C413E6-0D8E-4B89-9512-0B684C91170F}.Release|VisualGDB.ActiveCfg = Release|VisualGDB
		{21C413E6-0D8E-4B89-9512-0B684C91170F}.Release|VisualGDB.Build.0 = Release|VisualGDB
		{21C413E6-0D8E-4B89-9512-0B684C91170F}.RelWithDebInfo|VisualGDB.ActiveCfg = Release|VisualGDB
		{21C413E6-0D8E-4B89-9512-0B684C91170F}.RelWithDebInfo|VisualGDB.Build.0 = Release|VisualGDB
		{5FA409DE-9298-4D96-96BD-22D6EAD9A61E}.Debug|VisualGDB.ActiveCfg = Debug|VisualGDB
		{5FA409DE-9298-4D96-96BD-22D6EAD9A61E}.Debug|VisualGDB.Build.0 = Debug|VisualGDB
		{5FA409DE-9298-4D96-96BD-22D6EAD9A61E}.MinSizeRel|VisualGDB.ActiveCfg = Release|VisualGDB
		{5FA409DE-9298-4D96-96BD-22D6EAD9A61E}.MinSizeRel|VisualGDB.Build.0 = Release|VisualGDB
		{5FA409DE-9298-4D96-96BD-22D6EAD9A61E}.Release|VisualGDB.ActiveCfg = Release|VisualGDB
		{5FA409DE-9298-4D96-96BD-22D6EAD9A61E}.Release|VisualGDB.Build.0 = Release|VisualGDB
		{5FA409DE-9298-4D96-96BD-22D6EAD9A61E}.RelWithDebInfo|VisualGDB.ActiveCfg = Release|VisualGDB
		{5FA409DE-9298-4D96-96BD-22D6EAD9A61E}.RelWithDebInfo|VisualGDB.Build.0 = Release|VisualGDB
		{3CCCB14F-7832-4C2C-B906-550CA0CC0FEE}.Debug|VisualGDB.ActiveCfg = Debug|VisualGDB
		{3CCCB14F-7832-4C2C-B906-550CA0CC0FEE}.Debug|VisualGDB.Build.0 = Debug|VisualGDB
		{3CCCB14F-7832-4C2C-B906-550CA0CC0FEE}.MinSizeRel|VisualGDB.ActiveCfg = Release|VisualGDB
		{3CCCB14F-7832-4C2C-B906-550CA0CC0FEE}.MinSizeRel|VisualGDB.Build.0 = Release|VisualGDB
		{3CCCB14F-7832-4C2C-B906-550CA0CC0FEE}.Release|VisualGDB.ActiveCfg = Release|VisualGDB
		{3CCCB14F-7832-4C2C-B906-550CA0CC0FEE}.Release|VisualGDB.Build.0 = Release|VisualGDB
		{3CCCB14F-7832-4C2C-B906-550CA0CC0FEE}.RelWithDebInfo|VisualGDB.ActiveCfg = Release|VisualGDB
		{3CCCB14F-7832-4C2C-B906-550CA0CC0FEE}.RelWithDebInfo|VisualGDB.Build.0 = Release|VisualGDB
		{AA54AB8F-C3AC-46D2-81E7-7F9DD1EDC668}.Debug|VisualGDB.ActiveCfg = Debug|VisualGDB
		{AA54AB8F-C3AC-46D2-81E7-7F9DD1EDC668}.Debug|VisualGDB.Build.0 = Debug|VisualGDB
		{AA54AB8F-C3AC-46D2-81E7-7F9DD1EDC668}.MinSizeRel|VisualGDB.ActiveCfg = Release|VisualGDB
		{AA54AB8F-C3AC-46D2-81E7-7F9DD1EDC668}.MinSizeRel|VisualGDB.Build.0 = Release|VisualGDB
		{AA54AB8F-C3AC-46D2-81E7-7F9DD1EDC668}.Release|VisualGDB.ActiveCfg = Release|VisualGDB
		{AA54AB8F-C3AC-46D2-81E7-7F9DD1EDC668}.Release|VisualGDB.Build.0 = Release|VisualGDB
		{AA54AB8F-C3AC-46D2-81E7-7F9DD1EDC668}.RelWithDebInfo|VisualGDB.ActiveCfg = Release|VisualGDB
		{AA54AB8F-C3AC-46D2-81E7-7F9DD1EDC668}.RelWithDebInfo|VisualGDB.Build.0 = Release|VisualGDB
		{EA10ABF4-F776-4AA3-AE14-B47505F860E3}.Debug|VisualGDB.ActiveCfg = Debug|VisualGDB
		{EA10ABF4-F776-4AA3-AE14-B47505F860E3}.Debug|VisualGDB.Build.0 = Debug|VisualGDB
		{EA10ABF4-F776-4AA3-AE14-B47505F860E3}.MinSizeRel|VisualGDB.ActiveCfg = Release|VisualGDB
		{EA10ABF4-F776-4AA3-AE14-B47505F860E3}.MinSizeRel|VisualGDB.Build.0 = Release|VisualGDB
		{EA10ABF4-F776-4AA3-AE14-B47505F860E3}.Release|VisualGDB.ActiveCfg = Release|VisualGDB
		{EA10ABF4-F776-4AA3-AE14-B47505F860E3}.Release|VisualGDB.Build.0 = Release|VisualGDB
		{EA10ABF4-F776-4AA3-AE14-B47505F860E3}.RelWithDebInfo|VisualGDB.ActiveCfg = Release|VisualGDB
		{EA10ABF4-F776-4AA3-AE14-B47505F860E3}.RelWithDebInfo|VisualGDB.Build.0 = Release|VisualGDB
	EndGlobalSection
	GlobalSection(SolutionProperties) = preSolution
		HideSolutionNode = FALSE
	EndGlobalSection
	GlobalSection(NestedProjects) = preSolution
		{F0E73D1B-2015-4F67-B3F4-BC90F5E79592} = {13F29B1F-DD99-416B-8EE4-3BC2FE07CCFF}
		{E408EBBB-8991-43A7-8697-E4BD377BDCF2} = {13F29B1F-DD99-416B-8EE4-3BC2FE07CCFF}
		{979F690B-674F-4D69-99BE-A8B2AF3DF50E} = {13F29B1F-DD99-416B-8EE4-3BC2FE07CCFF}
		{F53CF66A-B8C2-49EA-B3B2-A702E4A11384} = {17C48497-5D19-473A-BE33-6A7F771AEC0E}
		{987900E1-40FB-4A3C-8D94-F52882F56FD2} = {17C48497-5D19-473A-BE33-6A7F771AEC0E}
		{B43C6936-5D16-4821-8FAB-8B3101BB12E2} = {13F29B1F-DD99-416B-8EE4-3BC2FE07CCFF}
		{3B0F9500-0318-4ED8-8256-D6603CE7A3B3} = {13F29B1F-DD99-416B-8EE4-3BC2FE07CCFF}
		{9A686D10-8A01-45FC-9FEE-D819530A4DE9} = {3892F036-A6C7-4267-829C-171F3ECC46EA}
		{EFB7F748-EEF2-449B-B678-6455E8C8D991} = {2E3451D1-F988-428F-BF85-85D932BC141C}
		{3425C9B5-C028-43C6-882A-BB47AA97D14A} = {13F29B1F-DD99-416B-8EE4-3BC2FE07CCFF}
		{BCF8CA05-423D-4F70-A11A-311D09FDFE5C} = {4DAC5469-2710-4AF2-9697-235F90B3BBE3}
		{9500AD59-5D75-4D02-82F6-8948B7788191} = {13F29B1F-DD99-416B-8EE4-3BC2FE07CCFF}
		{76E7792E-92E3-4D53-9B67-6B57F90D560C} = {4DAC5469-2710-4AF2-9697-235F90B3BBE3}
		{C50F957D-66A9-4D4E-9212-06037CDF227C} = {4DAC5469-2710-4AF2-9697-235F90B3BBE3}
		{B36B94D5-DF68-417A-8D41-6C3DDF81B9C0} = {4DAC5469-2710-4AF2-9697-235F90B3BBE3}
		{F4B46F02-E818-40BC-829C-1DBCA8DA16FF} = {13F29B1F-DD99-416B-8EE4-3BC2FE07CCFF}
		{6AC720E3-988C-48C5-BDB6-093BF8CEAA7B} = {130D9BA9-E9D4-4A31-A542-A9944C59097D}
		{247D34E3-00A1-43DC-9302-DFA4ED44BA50} = {130D9BA9-E9D4-4A31-A542-A9944C59097D}
		{2AFF492E-7F85-44D9-A0CC-414C90D2CC69} = {82F2BB31-2D4B-41C1-8E56-9D750B13E300}
		{C30AF8A4-71A5-4F34-AAF7-2AB8C88CCB07} = {82F2BB31-2D4B-41C1-8E56-9D750B13E300}
		{B8076E54-54F4-4BA3-B0F3-E810E8884012} = {82F2BB31-2D4B-41C1-8E56-9D750B13E300}
		{46E51758-271D-4E3E-B941-C52D6E8C8037} = {82F2BB31-2D4B-41C1-8E56-9D750B13E300}
		{2B13300E-D1E3-4412-9725-92CAFE0C91CB} = {82F2BB31-2D4B-41C1-8E56-9D750B13E300}
		{F49A6E32-D71E-4F45-98A4-658C44A39BEB} = {82F2BB31-2D4B-41C1-8E56-9D750B13E300}
		{1CB8A2FF-1006-4625-93DF-1A1815198317} = {82F2BB31-2D4B-41C1-8E56-9D750B13E300}
		{C76F6C21-B13D-4E2D-8A9D-975FD84269F3} = {13F29B1F-DD99-416B-8EE4-3BC2FE07CCFF}
		{4DA90025-D2CF-4F3E-8731-1EACBF8374C6} = {2E3451D1-F988-428F-BF85-85D932BC141C}
		{D4F10799-0FCF-41E5-9412-B414144A88E7} = {2E3451D1-F988-428F-BF85-85D932BC141C}
		{3D2B641D-932D-4D6C-B892-0F28B33B3703} = {2E3451D1-F988-428F-BF85-85D932BC141C}
		{38B73E6C-3319-4D46-92BD-DF438413BFF6} = {13F29B1F-DD99-416B-8EE4-3BC2FE07CCFF}
		{E450FD90-29D3-4BBA-8378-0AA2A3008635} = {38B73E6C-3319-4D46-92BD-DF438413BFF6}
		{F713BC2F-3A0A-45CC-AEFF-19C157E7A374} = {38B73E6C-3319-4D46-92BD-DF438413BFF6}
		{38CE80F5-298B-4EE9-91BB-7FD5081F44FF} = {DB32B677-68BA-449B-8A8A-6A91A91CB9ED}
		{DB32B677-68BA-449B-8A8A-6A91A91CB9ED} = {C1903777-DB36-4555-B545-5221D6651B86}
		{8B8E57E5-4CC0-4D96-8323-753949AABD24} = {DB32B677-68BA-449B-8A8A-6A91A91CB9ED}
		{84EDD844-855D-4AF2-A301-03AC9028CD97} = {3892F036-A6C7-4267-829C-171F3ECC46EA}
		{5D3C6F40-8C2F-450F-839F-99206E669162} = {13F29B1F-DD99-416B-8EE4-3BC2FE07CCFF}
		{0B9F638B-61F0-44DD-9040-E05AA689DD59} = {C1903777-DB36-4555-B545-5221D6651B86}
		{9D0CB1E3-6CA1-4202-92C5-73A55DD70651} = {0B9F638B-61F0-44DD-9040-E05AA689DD59}
		{19CEC43B-DCE4-4D82-B1D3-73C91455E1B7} = {C1903777-DB36-4555-B545-5221D6651B86}
		{0B364821-3FB8-4F19-9D0B-68D7F384C65A} = {19CEC43B-DCE4-4D82-B1D3-73C91455E1B7}
		{21C413E6-0D8E-4B89-9512-0B684C91170F} = {13F29B1F-DD99-416B-8EE4-3BC2FE07CCFF}
		{3CCCB14F-7832-4C2C-B906-550CA0CC0FEE} = {82F2BB31-2D4B-41C1-8E56-9D750B13E300}
		{AA54AB8F-C3AC-46D2-81E7-7F9DD1EDC668} = {0B9F638B-61F0-44DD-9040-E05AA689DD59}
		{6A66F220-5A11-4298-A001-541A83D5AC1C} = {38B73E6C-3319-4D46-92BD-DF438413BFF6}
		{D7994DC7-DD37-404F-9005-959C26A3433C} = {38B73E6C-3319-4D46-92BD-DF438413BFF6}
		{2CBAFA6F-50F9-4691-835C-57F32DF679AE} = {13F29B1F-DD99-416B-8EE4-3BC2FE07CCFF}
		{49820EB2-A9A6-4E20-B180-BDAAD51CB9AB} = {2CBAFA6F-50F9-4691-835C-57F32DF679AE}
		{C8826DF9-20DD-49DF-AA65-16729F7B94F8} = {13F29B1F-DD99-416B-8EE4-3BC2FE07CCFF}
		{EA10ABF4-F776-4AA3-AE14-B47505F860E3} = {13F29B1F-DD99-416B-8EE4-3BC2FE07CCFF}
	EndGlobalSection
	GlobalSection(ExtensibilityGlobals) = postSolution
		SolutionGuid = {CFF29E9C-B254-4DA7-800B-0156C11A7D13}
	EndGlobalSection
EndGlobal
