<?xml version="1.0" encoding="utf-8"?>
<Project ToolsVersion="4.0" xmlns="http://schemas.microsoft.com/developer/msbuild/2003">
  <ItemGroup>
    <Filter Include="Source files">
      <UniqueIdentifier>{02a8812e-8aef-4b4c-9b92-add722155727}</UniqueIdentifier>
      <Extensions>cpp;c;cc;cxx;def;odl;idl;hpj;bat;asm;asmx</Extensions>
    </Filter>
    <Filter Include="Header files">
      <UniqueIdentifier>{cf96ed93-0ea7-43e9-b326-1cf85c18fb72}</UniqueIdentifier>
      <Extensions>h;hpp;hxx;hm;inl;inc;xsd</Extensions>
    </Filter>
    <Filter Include="Resource files">
      <UniqueIdentifier>{8115ea50-f0f5-4181-8b96-6e6ebaf22faf}</UniqueIdentifier>
      <Extensions>rc;ico;cur;bmp;dlg;rc2;rct;bin;rgs;gif;jpg;jpeg;jpe;resx;tiff;tif;png;wav</Extensions>
    </Filter>
  </ItemGroup>
  <ItemGroup>
    <ClCompile Include="Config.cpp">
      <Filter>Source files</Filter>
    </ClCompile>
    <ClCompile Include="CapabilitiesConfig.cpp">
      <Filter>Source files</Filter>
    </ClCompile>
    <ClCompile Include="LogConfig.cpp">
      <Filter>Source files</Filter>
    </ClCompile>
    <ClCompile Include="RESTConfig.cpp">
      <Filter>Source files</Filter>
    </ClCompile>
    <ClCompile Include="DBConfig.cpp">
      <Filter>Source files</Filter>
    </ClCompile>
    <ClCompile Include="TAConfig.cpp">
      <Filter>Source files</Filter>
    </ClCompile>
  </ItemGroup>
  <ItemGroup>
    <ClInclude Include="Config.h">
      <Filter>Header files</Filter>
    </ClInclude>
    <ClInclude Include="CapabilitiesConfig.h">
      <Filter>Header files</Filter>
    </ClInclude>
    <ClInclude Include="LogConfig.h">
      <Filter>Header files</Filter>
    </ClInclude>
    <ClInclude Include="RESTConfig.h">
      <Filter>Header files</Filter>
    </ClInclude>
    <ClInclude Include="DBConfig.h">
      <Filter>Header files</Filter>
    </ClInclude>
    <ClInclude Include="TAConfig.h">
      <Filter>Header files</Filter>
    </ClInclude>
  </ItemGroup>
  <ItemGroup>
    <None Include="Config-Debug.vgdbsettings" />
    <None Include="Config-Release.vgdbsettings" />
  </ItemGroup>
</Project>