<?xml version="1.0" encoding="utf-8"?>
<Project ToolsVersion="4.0" xmlns="http://schemas.microsoft.com/developer/msbuild/2003">
  <ItemGroup>
    <Filter Include="Source files">
      <UniqueIdentifier>{4b5caf74-cb08-4181-b470-c60d05a06aeb}</UniqueIdentifier>
      <Extensions>cpp;c;cc;cxx;def;odl;idl;hpj;bat;asm;asmx</Extensions>
    </Filter>
    <Filter Include="Header files">
      <UniqueIdentifier>{f189389b-5d88-455a-b996-488525c7edcc}</UniqueIdentifier>
      <Extensions>h;hpp;hxx;hm;inl;inc;xsd</Extensions>
    </Filter>
    <Filter Include="Resource files">
      <UniqueIdentifier>{2c3cd227-195a-4e1c-88da-626bd432086d}</UniqueIdentifier>
      <Extensions>rc;ico;cur;bmp;dlg;rc2;rct;bin;rgs;gif;jpg;jpeg;jpe;resx;tiff;tif;png;wav</Extensions>
    </Filter>
  </ItemGroup>
  <ItemGroup>
    <ClInclude Include="HostRegistration.h">
      <Filter>Header files</Filter>
    </ClInclude>
    <ClInclude Include="RegClient.h">
      <Filter>Header files</Filter>
    </ClInclude>
    <ClInclude Include="RegistrationEndpoint.h">
      <Filter>Header files</Filter>
    </ClInclude>
    <ClInclude Include="RestClient.h">
      <Filter>Header files</Filter>
    </ClInclude>
  </ItemGroup>
  <ItemGroup>
    <ClCompile Include="HostRegistration.cpp">
      <Filter>Source files</Filter>
    </ClCompile>
  </ItemGroup>
</Project>