<?xml version="1.0" encoding="utf-8"?>
<Project ToolsVersion="4.0" xmlns="http://schemas.microsoft.com/developer/msbuild/2003">
  <ItemGroup>
    <Filter Include="Source files">
      <UniqueIdentifier>{69b5ec2c-3066-41b6-9bf6-647b09b0d099}</UniqueIdentifier>
      <Extensions>cpp;c;cc;cxx;def;odl;idl;hpj;bat;asm;asmx</Extensions>
    </Filter>
    <Filter Include="Header files">
      <UniqueIdentifier>{793e4431-7cf0-4ac4-9bdb-844a664ad723}</UniqueIdentifier>
      <Extensions>h;hpp;hxx;hm;inl;inc;xsd</Extensions>
    </Filter>
    <Filter Include="Resource files">
      <UniqueIdentifier>{12a8ddb4-4f88-441e-895c-194a1815aeaf}</UniqueIdentifier>
      <Extensions>rc;ico;cur;bmp;dlg;rc2;rct;bin;rgs;gif;jpg;jpeg;jpe;resx;tiff;tif;png;wav</Extensions>
    </Filter>
  </ItemGroup>
  <ItemGroup>
    <ClCompile Include="..\sqlite3.c">
      <Filter>Source files</Filter>
    </ClCompile>
  </ItemGroup>
  <ItemGroup>
    <ClInclude Include="..\sqlite3.h">
      <Filter>Header files</Filter>
    </ClInclude>
    <ClInclude Include="..\sqlite3ext.h">
      <Filter>Header files</Filter>
    </ClInclude>
    <ClInclude Include="..\sqlite3rc.h">
      <Filter>Header files</Filter>
    </ClInclude>
  </ItemGroup>
</Project>