<?xml version="1.0" encoding="utf-8"?>
<Project ToolsVersion="4.0" xmlns="http://schemas.microsoft.com/developer/msbuild/2003">
  <ItemGroup>
    <Filter Include="Source files">
      <UniqueIdentifier>{b02d5a58-904b-43ee-a8ae-b64560ba2f74}</UniqueIdentifier>
      <Extensions>cpp;c;cc;cxx;def;odl;idl;hpj;bat;asm;asmx</Extensions>
    </Filter>
    <Filter Include="Header files">
      <UniqueIdentifier>{4e488467-45dc-42bd-a9f7-dd87ef998495}</UniqueIdentifier>
      <Extensions>h;hpp;hxx;hm;inl;inc;xsd</Extensions>
    </Filter>
    <Filter Include="Source files\Resource files">
      <UniqueIdentifier>{041c8fc3-67eb-4a0d-bf90-b8c12494ed9c}</UniqueIdentifier>
      <Extensions>rc;ico;cur;bmp;dlg;rc2;rct;bin;rgs;gif;jpg;jpeg;jpe;resx;tiff;tif;png;wav</Extensions>
    </Filter>
  </ItemGroup>
  <ItemGroup>
    <ClCompile Include="InputField.cpp">
      <Filter>Source files</Filter>
    </ClCompile>
    <ClCompile Include="DropListBox.cpp">
      <Filter>Source files</Filter>
    </ClCompile>
    <ClCompile Include="NumericSlider.cpp">
      <Filter>Source files</Filter>
    </ClCompile>
    <ClCompile Include="Utils.cpp">
      <Filter>Source files</Filter>
    </ClCompile>
    <ClCompile Include="AdvKeyboard.cpp">
      <Filter>Source files</Filter>
    </ClCompile>
    <ClCompile Include="Dictionary.cpp">
      <Filter>Source files</Filter>
    </ClCompile>
    <ClCompile Include="SpinBox.cpp">
      <Filter>Source files</Filter>
    </ClCompile>
  </ItemGroup>
  <ItemGroup>
    <ClInclude Include="InputField.h">
      <Filter>Header files</Filter>
    </ClInclude>
    <ClInclude Include="DropListBox.h">
      <Filter>Header files</Filter>
    </ClInclude>
    <ClInclude Include="NumericSlider.h">
      <Filter>Header files</Filter>
    </ClInclude>
    <ClInclude Include="Utils.h">
      <Filter>Header files</Filter>
    </ClInclude>
    <ClInclude Include="AdvKeyboard.h">
      <Filter>Header files</Filter>
    </ClInclude>
    <ClInclude Include="Dictionary.h">
      <Filter>Header files</Filter>
    </ClInclude>
    <ClInclude Include="SpinBox.h">
      <Filter>Header files</Filter>
    </ClInclude>
  </ItemGroup>
  <ItemGroup>
    <None Include="UIObjects-Debug.vgdbsettings" />
    <None Include="UIObjects-Release.vgdbsettings" />
  </ItemGroup>
</Project>